
Microsoft Visual Studio Solution File, Format Version 12.00
# Visual Studio Version 17
VisualStudioVersion = 17.7.34031.279
MinimumVisualStudioVersion = 10.0.40219.1
Project("{FAE04EC0-301F-11D3-BF4B-00C04F79EFBC}") = "ExerciciosCSharp", "ExerciciosCSharp\ExerciciosCSharp.csproj", "{EC4FF7B1-9E53-4777-AE58-2D88D2207776}"
EndProject
Project("{9A19103F-16F7-4668-BE54-9A1E7A4F7556}") = "CalculadoraOO", "CalculadoraOO\CalculadoraOO.csproj", "{1C1D2E4E-BED5-4C82-AFB8-DB92D9E0E252}"
EndProject
Project("{9A19103F-16F7-4668-BE54-9A1E7A4F7556}") = "Lista3", "Lista3\Lista3.csproj", "{9DE89897-480F-44F2-B9AF-1D02F10C6077}"
EndProject
Project("{FAE04EC0-301F-11D3-BF4B-00C04F79EFBC}") = "Lista4", "Lista4\Lista4.csproj", "{724E88D8-1B11-46BF-B113-08ADBEAFEA55}"
EndProject
Global
	GlobalSection(SolutionConfigurationPlatforms) = preSolution
		Debug|Any CPU = Debug|Any CPU
		Release|Any CPU = Release|Any CPU
	EndGlobalSection
	GlobalSection(ProjectConfigurationPlatforms) = postSolution
		{EC4FF7B1-9E53-4777-AE58-2D88D2207776}.Debug|Any CPU.ActiveCfg = Debug|Any CPU
		{EC4FF7B1-9E53-4777-AE58-2D88D2207776}.Debug|Any CPU.Build.0 = Debug|Any CPU
		{EC4FF7B1-9E53-4777-AE58-2D88D2207776}.Release|Any CPU.ActiveCfg = Release|Any CPU
		{EC4FF7B1-9E53-4777-AE58-2D88D2207776}.Release|Any CPU.Build.0 = Release|Any CPU
		{1C1D2E4E-BED5-4C82-AFB8-DB92D9E0E252}.Debug|Any CPU.ActiveCfg = Debug|Any CPU
		{1C1D2E4E-BED5-4C82-AFB8-DB92D9E0E252}.Debug|Any CPU.Build.0 = Debug|Any CPU
		{1C1D2E4E-BED5-4C82-AFB8-DB92D9E0E252}.Release|Any CPU.ActiveCfg = Release|Any CPU
		{1C1D2E4E-BED5-4C82-AFB8-DB92D9E0E252}.Release|Any CPU.Build.0 = Release|Any CPU
		{9DE89897-480F-44F2-B9AF-1D02F10C6077}.Debug|Any CPU.ActiveCfg = Debug|Any CPU
		{9DE89897-480F-44F2-B9AF-1D02F10C6077}.Debug|Any CPU.Build.0 = Debug|Any CPU
		{9DE89897-480F-44F2-B9AF-1D02F10C6077}.Release|Any CPU.ActiveCfg = Release|Any CPU
		{9DE89897-480F-44F2-B9AF-1D02F10C6077}.Release|Any CPU.Build.0 = Release|Any CPU
		{724E88D8-1B11-46BF-B113-08ADBEAFEA55}.Debug|Any CPU.ActiveCfg = Debug|Any CPU
		{724E88D8-1B11-46BF-B113-08ADBEAFEA55}.Debug|Any CPU.Build.0 = Debug|Any CPU
		{724E88D8-1B11-46BF-B113-08ADBEAFEA55}.Release|Any CPU.ActiveCfg = Release|Any CPU
		{724E88D8-1B11-46BF-B113-08ADBEAFEA55}.Release|Any CPU.Build.0 = Release|Any CPU
	EndGlobalSection
	GlobalSection(SolutionProperties) = preSolution
		HideSolutionNode = FALSE
	EndGlobalSection
	GlobalSection(ExtensibilityGlobals) = postSolution
		SolutionGuid = {D46CF943-46E1-4F38-B93E-CDA4A3D4D75C}
	EndGlobalSection
EndGlobal
